
Microsoft Visual Studio Solution File, Format Version 12.00
# Visual Studio 15
VisualStudioVersion = 15.0.26430.6
MinimumVisualStudioVersion = 10.0.40219.1
Project("{9A19103F-16F7-4668-BE54-9A1E7A4F7556}") = "Owpini.API", "Owpini.API\Owpini.API.csproj", "{3792CAD6-39CE-4DE8-8902-C1133FD4FD56}"
EndProject
Project("{9A19103F-16F7-4668-BE54-9A1E7A4F7556}") = "Owpini.Core", "Owpini.Core\Owpini.Core.csproj", "{AACD188E-7BF9-492D-BEBB-7C4B0DB1385A}"
EndProject
Project("{9A19103F-16F7-4668-BE54-9A1E7A4F7556}") = "Owpini.EntityFramework", "Owpini.EntityFramework\Owpini.EntityFramework.csproj", "{1981FC58-6D7D-4305-8172-1C3650FF2E59}"
EndProject
Global
	GlobalSection(SolutionConfigurationPlatforms) = preSolution
		Debug|Any CPU = Debug|Any CPU
		Release|Any CPU = Release|Any CPU
	EndGlobalSection
	GlobalSection(ProjectConfigurationPlatforms) = postSolution
		{3792CAD6-39CE-4DE8-8902-C1133FD4FD56}.Debug|Any CPU.ActiveCfg = Debug|Any CPU
		{3792CAD6-39CE-4DE8-8902-C1133FD4FD56}.Debug|Any CPU.Build.0 = Debug|Any CPU
		{3792CAD6-39CE-4DE8-8902-C1133FD4FD56}.Release|Any CPU.ActiveCfg = Release|Any CPU
		{3792CAD6-39CE-4DE8-8902-C1133FD4FD56}.Release|Any CPU.Build.0 = Release|Any CPU
		{AACD188E-7BF9-492D-BEBB-7C4B0DB1385A}.Debug|Any CPU.ActiveCfg = Debug|Any CPU
		{AACD188E-7BF9-492D-BEBB-7C4B0DB1385A}.Debug|Any CPU.Build.0 = Debug|Any CPU
		{AACD188E-7BF9-492D-BEBB-7C4B0DB1385A}.Release|Any CPU.ActiveCfg = Release|Any CPU
		{AACD188E-7BF9-492D-BEBB-7C4B0DB1385A}.Release|Any CPU.Build.0 = Release|Any CPU
		{1981FC58-6D7D-4305-8172-1C3650FF2E59}.Debug|Any CPU.ActiveCfg = Debug|Any CPU
		{1981FC58-6D7D-4305-8172-1C3650FF2E59}.Debug|Any CPU.Build.0 = Debug|Any CPU
		{1981FC58-6D7D-4305-8172-1C3650FF2E59}.Release|Any CPU.ActiveCfg = Release|Any CPU
		{1981FC58-6D7D-4305-8172-1C3650FF2E59}.Release|Any CPU.Build.0 = Release|Any CPU
	EndGlobalSection
	GlobalSection(SolutionProperties) = preSolution
		HideSolutionNode = FALSE
	EndGlobalSection
EndGlobal
